Microsoft Visual Studio Solution File, Format Version 12.00
# Visual Studio Version 17
VisualStudioVersion = 17.5.2.0
MinimumVisualStudioVersion = 10.0.40219.1
Project("{FAE04EC0-301F-11D3-BF4B-00C04F79EFBC}") = "hotchocolate-demo", "hotchocolate-demo.csproj", "{E2180DA3-8483-E0E0-FEA0-17A03C69086B}"
EndProject
Global
	GlobalSection(SolutionConfigurationPlatforms) = preSolution
		Debug|Any CPU = Debug|Any CPU
		Release|Any CPU = Release|Any CPU
	EndGlobalSection
	GlobalSection(ProjectConfigurationPlatforms) = postSolution
		{E2180DA3-8483-E0E0-FEA0-17A03C69086B}.Debug|Any CPU.ActiveCfg = Debug|Any CPU
		{E2180DA3-8483-E0E0-FEA0-17A03C69086B}.Debug|Any CPU.Build.0 = Debug|Any CPU
		{E2180DA3-8483-E0E0-FEA0-17A03C69086B}.Release|Any CPU.ActiveCfg = Release|Any CPU
		{E2180DA3-8483-E0E0-FEA0-17A03C69086B}.Release|Any CPU.Build.0 = Release|Any CPU
	EndGlobalSection
	GlobalSection(SolutionProperties) = preSolution
		HideSolutionNode = FALSE
	EndGlobalSection
	GlobalSection(ExtensibilityGlobals) = postSolution
		SolutionGuid = {DE25B07A-DB15-4C0D-B0C1-4933CEB22B32}
	EndGlobalSection
EndGlobal
